
Microsoft Visual Studio Solution File, Format Version 12.00
# Visual Studio Version 17
VisualStudioVersion = 17.0.31912.275
MinimumVisualStudioVersion = 10.0.40219.1
Project("{FAE04EC0-301F-11D3-BF4B-00C04F79EFBC}") = "LINQ", "LINQ\LINQ.csproj", "{0B14E97E-289D-46CB-BBCF-C1DD9F394652}"
EndProject
Global
	GlobalSection(SolutionConfigurationPlatforms) = preSolution
		Debug|Any CPU = Debug|Any CPU
		Release|Any CPU = Release|Any CPU
	EndGlobalSection
	GlobalSection(ProjectConfigurationPlatforms) = postSolution
		{0B14E97E-289D-46CB-BBCF-C1DD9F394652}.Debug|Any CPU.ActiveCfg = Debug|Any CPU
		{0B14E97E-289D-46CB-BBCF-C1DD9F394652}.Debug|Any CPU.Build.0 = Debug|Any CPU
		{0B14E97E-289D-46CB-BBCF-C1DD9F394652}.Release|Any CPU.ActiveCfg = Release|Any CPU
		{0B14E97E-289D-46CB-BBCF-C1DD9F394652}.Release|Any CPU.Build.0 = Release|Any CPU
	EndGlobalSection
	GlobalSection(SolutionProperties) = preSolution
		HideSolutionNode = FALSE
	EndGlobalSection
	GlobalSection(ExtensibilityGlobals) = postSolution
		SolutionGuid = {0BB9E567-B7C7-40F6-A41A-0B9EAEEDC67F}
	EndGlobalSection
EndGlobal
